
Microsoft Visual Studio Solution File, Format Version 12.00
# Visual Studio Version 17
VisualStudioVersion = 17.9.34902.65
MinimumVisualStudioVersion = 10.0.40219.1
Project("{FAE04EC0-301F-11D3-BF4B-00C04F79EFBC}") = "MovieLayeredWithoutPictures", "MovieLayeredWithoutPictures\MovieLayeredWithoutPictures.csproj", "{EE75EE57-F5D3-4DB9-BFBE-D1D20A7E1E62}"
EndProject
Global
	GlobalSection(SolutionConfigurationPlatforms) = preSolution
		Debug|Any CPU = Debug|Any CPU
		Release|Any CPU = Release|Any CPU
	EndGlobalSection
	GlobalSection(ProjectConfigurationPlatforms) = postSolution
		{EE75EE57-F5D3-4DB9-BFBE-D1D20A7E1E62}.Debug|Any CPU.ActiveCfg = Debug|Any CPU
		{EE75EE57-F5D3-4DB9-BFBE-D1D20A7E1E62}.Debug|Any CPU.Build.0 = Debug|Any CPU
		{EE75EE57-F5D3-4DB9-BFBE-D1D20A7E1E62}.Release|Any CPU.ActiveCfg = Release|Any CPU
		{EE75EE57-F5D3-4DB9-BFBE-D1D20A7E1E62}.Release|Any CPU.Build.0 = Release|Any CPU
	EndGlobalSection
	GlobalSection(SolutionProperties) = preSolution
		HideSolutionNode = FALSE
	EndGlobalSection
	GlobalSection(ExtensibilityGlobals) = postSolution
		SolutionGuid = {B966C94D-4FD3-4378-B7B2-44DFB7B80DBA}
	EndGlobalSection
EndGlobal
